// !$*UTF8*$!
{
	archiveVersion = 1;
	classes = {
	};
	objectVersion = 60;
	objects = {

/* Begin PBXBuildFile section */
		1702157F2C61E9A8001DA85D /* ClockImageView.swift in Sources */ = {isa = PBXBuildFile; fileRef = 1702157E2C61E9A7001DA85D /* ClockImageView.swift */; };
		170215812C61FFA4001DA85D /* TeacherAnnouncementView.swift in Sources */ = {isa = PBXBuildFile; fileRef = 170215802C61FFA4001DA85D /* TeacherAnnouncementView.swift */; };
		17025C3A2C540700004BED0C /* ResetPasswordView.swift in Sources */ = {isa = PBXBuildFile; fileRef = 17025C392C540700004BED0C /* ResetPasswordView.swift */; };
		17025C3C2C540739004BED0C /* RegisterView.swift in Sources */ = {isa = PBXBuildFile; fileRef = 17025C3B2C540739004BED0C /* RegisterView.swift */; };
		17025C402C542A22004BED0C /* RegisterModel.swift in Sources */ = {isa = PBXBuildFile; fileRef = 17025C3F2C542A22004BED0C /* RegisterModel.swift */; };
		17025C442C5455F2004BED0C /* PostLoginView.swift in Sources */ = {isa = PBXBuildFile; fileRef = 17025C432C5455F2004BED0C /* PostLoginView.swift */; };
		1735B7532BB70F1B001EB6EB /* AccountViewModel.swift in Sources */ = {isa = PBXBuildFile; fileRef = 1735B7522BB70F1B001EB6EB /* AccountViewModel.swift */; };
		17371B682C16E63A0079E163 /* SchoolTimeView.swift in Sources */ = {isa = PBXBuildFile; fileRef = 17371B672C16E63A0079E163 /* SchoolTimeView.swift */; };
		175CA9A72C2DD86A00134E9F /* AdaptiveLayout.swift in Sources */ = {isa = PBXBuildFile; fileRef = 175CA9A62C2DD86A00134E9F /* AdaptiveLayout.swift */; };
		1776AF8D2BB5C8EF0057A8DB /* UnibellApp.swift in Sources */ = {isa = PBXBuildFile; fileRef = 1776AF8C2BB5C8EF0057A8DB /* UnibellApp.swift */; };
		1776AF8F2BB5C8EF0057A8DB /* ContentView.swift in Sources */ = {isa = PBXBuildFile; fileRef = 1776AF8E2BB5C8EF0057A8DB /* ContentView.swift */; };
		1776AF912BB5C8F30057A8DB /* Assets.xcassets in Resources */ = {isa = PBXBuildFile; fileRef = 1776AF902BB5C8F30057A8DB /* Assets.xcassets */; };
		1776AF942BB5C8F30057A8DB /* Preview Assets.xcassets in Resources */ = {isa = PBXBuildFile; fileRef = 1776AF932BB5C8F30057A8DB /* Preview Assets.xcassets */; };
		1776AF9E2BB5C8F40057A8DB /* UnibellTests.swift in Sources */ = {isa = PBXBuildFile; fileRef = 1776AF9D2BB5C8F40057A8DB /* UnibellTests.swift */; };
		1776AFA82BB5C8F40057A8DB /* UnibellUITests.swift in Sources */ = {isa = PBXBuildFile; fileRef = 1776AFA72BB5C8F40057A8DB /* UnibellUITests.swift */; };
		1776AFAA2BB5C8F40057A8DB /* UnibellUITestsLaunchTests.swift in Sources */ = {isa = PBXBuildFile; fileRef = 1776AFA92BB5C8F40057A8DB /* UnibellUITestsLaunchTests.swift */; };
		1776AFCE2BB5CC400057A8DB /* LoginView.swift in Sources */ = {isa = PBXBuildFile; fileRef = 1776AFCD2BB5CC400057A8DB /* LoginView.swift */; };
		1776AFD02BB5CC810057A8DB /* LoadingView.swift in Sources */ = {isa = PBXBuildFile; fileRef = 1776AFCF2BB5CC810057A8DB /* LoadingView.swift */; };
		1776AFD22BB5CCA10057A8DB /* LoginModel.swift in Sources */ = {isa = PBXBuildFile; fileRef = 1776AFD12BB5CCA10057A8DB /* LoginModel.swift */; };
		1776AFDB2BB5CD6E0057A8DB /* AccountView.swift in Sources */ = {isa = PBXBuildFile; fileRef = 1776AFDA2BB5CD6E0057A8DB /* AccountView.swift */; };
		1776AFDD2BB5CD850057A8DB /* SchoolView.swift in Sources */ = {isa = PBXBuildFile; fileRef = 1776AFDC2BB5CD850057A8DB /* SchoolView.swift */; };
		1776AFE12BB5CDC40057A8DB /* Color.swift in Sources */ = {isa = PBXBuildFile; fileRef = 1776AFE02BB5CDC40057A8DB /* Color.swift */; };
		1776AFEC2BB6463F0057A8DB /* AgendaScheduleModel.swift in Sources */ = {isa = PBXBuildFile; fileRef = 1776AFEB2BB6463E0057A8DB /* AgendaScheduleModel.swift */; };
		1776AFEE2BB655F00057A8DB /* TLButton.swift in Sources */ = {isa = PBXBuildFile; fileRef = 1776AFED2BB655F00057A8DB /* TLButton.swift */; };
		177B18802C1537870050C912 /* SchoolTimesModel.swift in Sources */ = {isa = PBXBuildFile; fileRef = 177B187F2C1537870050C912 /* SchoolTimesModel.swift */; };
		17988D432BFF095D00A5E569 /* AgendaScheduleView.swift in Sources */ = {isa = PBXBuildFile; fileRef = 17988D422BFF095D00A5E569 /* AgendaScheduleView.swift */; };
		17988D452BFFD42200A5E569 /* AgendaTasksRowView.swift in Sources */ = {isa = PBXBuildFile; fileRef = 17988D442BFFD42200A5E569 /* AgendaTasksRowView.swift */; };
		179D5AB82C22A3C20068B2F5 /* SWCal.ics in Resources */ = {isa = PBXBuildFile; fileRef = 179D5AB72C22A3C20068B2F5 /* SWCal.ics */; };
		17A4E4CC2C5DFC12009A3E86 /* GoogleSlidesEmbedModel.swift in Sources */ = {isa = PBXBuildFile; fileRef = 17A4E4CB2C5DFC12009A3E86 /* GoogleSlidesEmbedModel.swift */; };
		17A4E4CE2C5E8C24009A3E86 /* CustomNavBarView.swift in Sources */ = {isa = PBXBuildFile; fileRef = 17A4E4CD2C5E8C23009A3E86 /* CustomNavBarView.swift */; };
		17A4E4D02C5EC512009A3E86 /* AnnouncementsView.swift in Sources */ = {isa = PBXBuildFile; fileRef = 17A4E4CF2C5EC512009A3E86 /* AnnouncementsView.swift */; };
		17A7A52E2C2F23E600FAB9BA /* FirebaseItemsViewModel.swift in Sources */ = {isa = PBXBuildFile; fileRef = 17A7A52D2C2F23E600FAB9BA /* FirebaseItemsViewModel.swift */; };
		17BFFDD42C1A0D4D00B2DF82 /* RondalBold-2O4lW.otf in Resources */ = {isa = PBXBuildFile; fileRef = 17BFFDD12C1A0D4C00B2DF82 /* RondalBold-2O4lW.otf */; };
		17BFFDD52C1A0D4D00B2DF82 /* RondalSemibold-vmZ5Z.otf in Resources */ = {isa = PBXBuildFile; fileRef = 17BFFDD22C1A0D4C00B2DF82 /* RondalSemibold-vmZ5Z.otf */; };
		17BFFDD62C1A0D4D00B2DF82 /* RondalRegular-K7ORW.otf in Resources */ = {isa = PBXBuildFile; fileRef = 17BFFDD32C1A0D4D00B2DF82 /* RondalRegular-K7ORW.otf */; };
		17BFFDD92C1A0FC600B2DF82 /* KoldbyFree-eZ0pp.otf in Resources */ = {isa = PBXBuildFile; fileRef = 17BFFDD82C1A0FC500B2DF82 /* KoldbyFree-eZ0pp.otf */; };
		17C58B0C2C62B2E7005685DF /* GoogleService-Info.plist in Resources */ = {isa = PBXBuildFile; fileRef = 17C58B0B2C62B2E7005685DF /* GoogleService-Info.plist */; };
		17C58B142C62D9E6005685DF /* FirebaseAnalytics in Frameworks */ = {isa = PBXBuildFile; productRef = 17C58B132C62D9E6005685DF /* FirebaseAnalytics */; };
		17C58B162C62D9E6005685DF /* FirebaseAnalyticsOnDeviceConversion in Frameworks */ = {isa = PBXBuildFile; productRef = 17C58B152C62D9E6005685DF /* FirebaseAnalyticsOnDeviceConversion */; };
		17C58B182C62D9E6005685DF /* FirebaseAnalyticsSwift in Frameworks */ = {isa = PBXBuildFile; productRef = 17C58B172C62D9E6005685DF /* FirebaseAnalyticsSwift */; };
		17C58B1A2C62D9E6005685DF /* FirebaseAnalyticsWithoutAdIdSupport in Frameworks */ = {isa = PBXBuildFile; productRef = 17C58B192C62D9E6005685DF /* FirebaseAnalyticsWithoutAdIdSupport */; };
		17C58B1C2C62D9E6005685DF /* FirebaseAppCheck in Frameworks */ = {isa = PBXBuildFile; productRef = 17C58B1B2C62D9E6005685DF /* FirebaseAppCheck */; };
		17C58B1E2C62D9E6005685DF /* FirebaseAppDistribution-Beta in Frameworks */ = {isa = PBXBuildFile; productRef = 17C58B1D2C62D9E6005685DF /* FirebaseAppDistribution-Beta */; };
		17C58B202C62D9E6005685DF /* FirebaseAuth in Frameworks */ = {isa = PBXBuildFile; productRef = 17C58B1F2C62D9E6005685DF /* FirebaseAuth */; };
		17C58B222C62D9E6005685DF /* FirebaseDatabase in Frameworks */ = {isa = PBXBuildFile; productRef = 17C58B212C62D9E6005685DF /* FirebaseDatabase */; };
		17C58B242C62D9E6005685DF /* FirebaseDatabaseSwift in Frameworks */ = {isa = PBXBuildFile; productRef = 17C58B232C62D9E6005685DF /* FirebaseDatabaseSwift */; };
		17C58B262C62D9E6005685DF /* FirebaseFirestore in Frameworks */ = {isa = PBXBuildFile; productRef = 17C58B252C62D9E6005685DF /* FirebaseFirestore */; };
		17C58B282C62D9E6005685DF /* FirebaseFirestoreCombine-Community in Frameworks */ = {isa = PBXBuildFile; productRef = 17C58B272C62D9E6005685DF /* FirebaseFirestoreCombine-Community */; };
		17C58B2A2C62D9E6005685DF /* FirebaseFirestoreSwift in Frameworks */ = {isa = PBXBuildFile; productRef = 17C58B292C62D9E6005685DF /* FirebaseFirestoreSwift */; };
		17C58B2C2C62D9E6005685DF /* FirebaseStorage in Frameworks */ = {isa = PBXBuildFile; productRef = 17C58B2B2C62D9E6005685DF /* FirebaseStorage */; };
		17C58B2E2C62D9E6005685DF /* FirebaseStorageCombine-Community in Frameworks */ = {isa = PBXBuildFile; productRef = 17C58B2D2C62D9E6005685DF /* FirebaseStorageCombine-Community */; };
		17C58B382C634356005685DF /* Unibell Launch Screen.storyboard in Resources */ = {isa = PBXBuildFile; fileRef = 17C58B372C634356005685DF /* Unibell Launch Screen.storyboard */; };
		17C58B3A2C635AF0005685DF /* LaunchScreenView.swift in Sources */ = {isa = PBXBuildFile; fileRef = 17C58B392C635AF0005685DF /* LaunchScreenView.swift */; };
		17CFB5282C52DEBB00E47EED /* CalendarViewViewModel.swift in Sources */ = {isa = PBXBuildFile; fileRef = 17CFB5272C52DEBB00E47EED /* CalendarViewViewModel.swift */; };
		17CFB52D2C52DF8700E47EED /* MessagingCenterViewModel.swift in Sources */ = {isa = PBXBuildFile; fileRef = 17CFB52C2C52DF8700E47EED /* MessagingCenterViewModel.swift */; };
		17CFB52F2C52E48000E47EED /* StudentMessageView.swift in Sources */ = {isa = PBXBuildFile; fileRef = 17CFB52E2C52E48000E47EED /* StudentMessageView.swift */; };
		17CFB5312C52E49200E47EED /* TeacherMessageView.swift in Sources */ = {isa = PBXBuildFile; fileRef = 17CFB5302C52E49200E47EED /* TeacherMessageView.swift */; };
		17CFB5332C52E5F500E47EED /* MessageView.swift in Sources */ = {isa = PBXBuildFile; fileRef = 17CFB5322C52E5F500E47EED /* MessageView.swift */; };
		17CFB5352C53225F00E47EED /* ProfilePictureViewModel.swift in Sources */ = {isa = PBXBuildFile; fileRef = 17CFB5342C53225F00E47EED /* ProfilePictureViewModel.swift */; };
		17D0D8942C5BF59500B01CBA /* CurrentScheduleView.swift in Sources */ = {isa = PBXBuildFile; fileRef = 17D0D8932C5BF59500B01CBA /* CurrentScheduleView.swift */; };
		17D204F12C2C90870027970D /* SchoolAccessCodeView.swift in Sources */ = {isa = PBXBuildFile; fileRef = 17D204F02C2C90860027970D /* SchoolAccessCodeView.swift */; };
		17E17E902C556F42006D66A8 /* TeacherMessagingCenterView.swift in Sources */ = {isa = PBXBuildFile; fileRef = 17E17E8F2C556F42006D66A8 /* TeacherMessagingCenterView.swift */; };
		17E17E922C55748A006D66A8 /* BoolViewModel.swift in Sources */ = {isa = PBXBuildFile; fileRef = 17E17E912C55748A006D66A8 /* BoolViewModel.swift */; };
		17E17E942C557B21006D66A8 /* AllTasksCenterView.swift in Sources */ = {isa = PBXBuildFile; fileRef = 17E17E932C557B21006D66A8 /* AllTasksCenterView.swift */; };
		17E17E962C5580F6006D66A8 /* StudentMessagingCenterView.swift in Sources */ = {isa = PBXBuildFile; fileRef = 17E17E952C5580F6006D66A8 /* StudentMessagingCenterView.swift */; };
		17E17E982C558175006D66A8 /* MainStudentView.swift in Sources */ = {isa = PBXBuildFile; fileRef = 17E17E972C558175006D66A8 /* MainStudentView.swift */; };
		17E17E9A2C558180006D66A8 /* MainTeacherView.swift in Sources */ = {isa = PBXBuildFile; fileRef = 17E17E992C558180006D66A8 /* MainTeacherView.swift */; };
		17E17E9E2C55CF1E006D66A8 /* PrivacyPolicyView.swift in Sources */ = {isa = PBXBuildFile; fileRef = 17E17E9D2C55CF1E006D66A8 /* PrivacyPolicyView.swift */; };
		17E17EA02C55CF43006D66A8 /* InformationView.swift in Sources */ = {isa = PBXBuildFile; fileRef = 17E17E9F2C55CF43006D66A8 /* InformationView.swift */; };
		17ECC78C2C5013DA003C0145 /* AllTasksView.swift in Sources */ = {isa = PBXBuildFile; fileRef = 17ECC78B2C5013DA003C0145 /* AllTasksView.swift */; };
		17ECC78E2C501E43003C0145 /* AllTasksViewModel.swift in Sources */ = {isa = PBXBuildFile; fileRef = 17ECC78D2C501E43003C0145 /* AllTasksViewModel.swift */; };
		17ECC7922C501EAB003C0145 /* SingleTaskView.swift in Sources */ = {isa = PBXBuildFile; fileRef = 17ECC7912C501EAB003C0145 /* SingleTaskView.swift */; };
		17FC33D72C065C0E0045F4D2 /* NewAgendaItemView.swift in Sources */ = {isa = PBXBuildFile; fileRef = 17FC33D62C065C0E0045F4D2 /* NewAgendaItemView.swift */; };
/* End PBXBuildFile section */

/* Begin PBXContainerItemProxy section */
		1776AF9A2BB5C8F40057A8DB /* PBXContainerItemProxy */ = {
			isa = PBXContainerItemProxy;
			containerPortal = 1776AF812BB5C8EF0057A8DB /* Project object */;
			proxyType = 1;
			remoteGlobalIDString = 1776AF882BB5C8EF0057A8DB;
			remoteInfo = Unibell;
		};
		1776AFA42BB5C8F40057A8DB /* PBXContainerItemProxy */ = {
			isa = PBXContainerItemProxy;
			containerPortal = 1776AF812BB5C8EF0057A8DB /* Project object */;
			proxyType = 1;
			remoteGlobalIDString = 1776AF882BB5C8EF0057A8DB;
			remoteInfo = Unibell;
		};
/* End PBXContainerItemProxy section */

/* Begin PBXFileReference section */
		1702157E2C61E9A7001DA85D /* ClockImageView.swift */ = {isa = PBXFileReference; lastKnownFileType = sourcecode.swift; path = ClockImageView.swift; sourceTree = "<group>"; };
		170215802C61FFA4001DA85D /* TeacherAnnouncementView.swift */ = {isa = PBXFileReference; lastKnownFileType = sourcecode.swift; path = TeacherAnnouncementView.swift; sourceTree = "<group>"; };
		17025C392C540700004BED0C /* ResetPasswordView.swift */ = {isa = PBXFileReference; lastKnownFileType = sourcecode.swift; path = ResetPasswordView.swift; sourceTree = "<group>"; };
		17025C3B2C540739004BED0C /* RegisterView.swift */ = {isa = PBXFileReference; lastKnownFileType = sourcecode.swift; path = RegisterView.swift; sourceTree = "<group>"; };
		17025C3F2C542A22004BED0C /* RegisterModel.swift */ = {isa = PBXFileReference; lastKnownFileType = sourcecode.swift; path = RegisterModel.swift; sourceTree = "<group>"; };
		17025C432C5455F2004BED0C /* PostLoginView.swift */ = {isa = PBXFileReference; lastKnownFileType = sourcecode.swift; path = PostLoginView.swift; sourceTree = "<group>"; };
		1735B7522BB70F1B001EB6EB /* AccountViewModel.swift */ = {isa = PBXFileReference; lastKnownFileType = sourcecode.swift; path = AccountViewModel.swift; sourceTree = "<group>"; };
		17371B672C16E63A0079E163 /* SchoolTimeView.swift */ = {isa = PBXFileReference; lastKnownFileType = sourcecode.swift; path = SchoolTimeView.swift; sourceTree = "<group>"; };
		175CA9A62C2DD86A00134E9F /* AdaptiveLayout.swift */ = {isa = PBXFileReference; lastKnownFileType = sourcecode.swift; path = AdaptiveLayout.swift; sourceTree = "<group>"; };
		1776AF892BB5C8EF0057A8DB /* Unibell.app */ = {isa = PBXFileReference; explicitFileType = wrapper.application; includeInIndex = 0; path = Unibell.app; sourceTree = BUILT_PRODUCTS_DIR; };
		1776AF8C2BB5C8EF0057A8DB /* UnibellApp.swift */ = {isa = PBXFileReference; lastKnownFileType = sourcecode.swift; path = UnibellApp.swift; sourceTree = "<group>"; };
		1776AF8E2BB5C8EF0057A8DB /* ContentView.swift */ = {isa = PBXFileReference; lastKnownFileType = sourcecode.swift; path = ContentView.swift; sourceTree = "<group>"; };
		1776AF902BB5C8F30057A8DB /* Assets.xcassets */ = {isa = PBXFileReference; lastKnownFileType = folder.assetcatalog; path = Assets.xcassets; sourceTree = "<group>"; };
		1776AF932BB5C8F30057A8DB /* Preview Assets.xcassets */ = {isa = PBXFileReference; lastKnownFileType = folder.assetcatalog; path = "Preview Assets.xcassets"; sourceTree = "<group>"; };
		1776AF992BB5C8F40057A8DB /* UnibellTests.xctest */ = {isa = PBXFileReference; explicitFileType = wrapper.cfbundle; includeInIndex = 0; path = UnibellTests.xctest; sourceTree = BUILT_PRODUCTS_DIR; };
		1776AF9D2BB5C8F40057A8DB /* UnibellTests.swift */ = {isa = PBXFileReference; lastKnownFileType = sourcecode.swift; path = UnibellTests.swift; sourceTree = "<group>"; };
		1776AFA32BB5C8F40057A8DB /* UnibellUITests.xctest */ = {isa = PBXFileReference; explicitFileType = wrapper.cfbundle; includeInIndex = 0; path = UnibellUITests.xctest; sourceTree = BUILT_PRODUCTS_DIR; };
		1776AFA72BB5C8F40057A8DB /* UnibellUITests.swift */ = {isa = PBXFileReference; lastKnownFileType = sourcecode.swift; path = UnibellUITests.swift; sourceTree = "<group>"; };
		1776AFA92BB5C8F40057A8DB /* UnibellUITestsLaunchTests.swift */ = {isa = PBXFileReference; lastKnownFileType = sourcecode.swift; path = UnibellUITestsLaunchTests.swift; sourceTree = "<group>"; };
		1776AFCD2BB5CC400057A8DB /* LoginView.swift */ = {isa = PBXFileReference; lastKnownFileType = sourcecode.swift; path = LoginView.swift; sourceTree = "<group>"; };
		1776AFCF2BB5CC810057A8DB /* LoadingView.swift */ = {isa = PBXFileReference; lastKnownFileType = sourcecode.swift; path = LoadingView.swift; sourceTree = "<group>"; };
		1776AFD12BB5CCA10057A8DB /* LoginModel.swift */ = {isa = PBXFileReference; lastKnownFileType = sourcecode.swift; path = LoginModel.swift; sourceTree = "<group>"; };
		1776AFDA2BB5CD6E0057A8DB /* AccountView.swift */ = {isa = PBXFileReference; lastKnownFileType = sourcecode.swift; path = AccountView.swift; sourceTree = "<group>"; };
		1776AFDC2BB5CD850057A8DB /* SchoolView.swift */ = {isa = PBXFileReference; lastKnownFileType = sourcecode.swift; path = SchoolView.swift; sourceTree = "<group>"; };
		1776AFE02BB5CDC40057A8DB /* Color.swift */ = {isa = PBXFileReference; lastKnownFileType = sourcecode.swift; path = Color.swift; sourceTree = "<group>"; };
		1776AFE42BB5CF450057A8DB /* Info.plist */ = {isa = PBXFileReference; lastKnownFileType = text.plist; path = Info.plist; sourceTree = "<group>"; };
		1776AFEB2BB6463E0057A8DB /* AgendaScheduleModel.swift */ = {isa = PBXFileReference; lastKnownFileType = sourcecode.swift; path = AgendaScheduleModel.swift; sourceTree = "<group>"; };
		1776AFED2BB655F00057A8DB /* TLButton.swift */ = {isa = PBXFileReference; lastKnownFileType = sourcecode.swift; path = TLButton.swift; sourceTree = "<group>"; };
		177B187F2C1537870050C912 /* SchoolTimesModel.swift */ = {isa = PBXFileReference; lastKnownFileType = sourcecode.swift; path = SchoolTimesModel.swift; sourceTree = "<group>"; };
		17988D422BFF095D00A5E569 /* AgendaScheduleView.swift */ = {isa = PBXFileReference; lastKnownFileType = sourcecode.swift; path = AgendaScheduleView.swift; sourceTree = "<group>"; };
		17988D442BFFD42200A5E569 /* AgendaTasksRowView.swift */ = {isa = PBXFileReference; lastKnownFileType = sourcecode.swift; path = AgendaTasksRowView.swift; sourceTree = "<group>"; };
		179D5AB72C22A3C20068B2F5 /* SWCal.ics */ = {isa = PBXFileReference; fileEncoding = 4; lastKnownFileType = text; path = SWCal.ics; sourceTree = "<group>"; };
		17A4E4CB2C5DFC12009A3E86 /* GoogleSlidesEmbedModel.swift */ = {isa = PBXFileReference; lastKnownFileType = sourcecode.swift; path = GoogleSlidesEmbedModel.swift; sourceTree = "<group>"; };
		17A4E4CD2C5E8C23009A3E86 /* CustomNavBarView.swift */ = {isa = PBXFileReference; lastKnownFileType = sourcecode.swift; path = CustomNavBarView.swift; sourceTree = "<group>"; };
		17A4E4CF2C5EC512009A3E86 /* AnnouncementsView.swift */ = {isa = PBXFileReference; lastKnownFileType = sourcecode.swift; path = AnnouncementsView.swift; sourceTree = "<group>"; };
		17A7A52D2C2F23E600FAB9BA /* FirebaseItemsViewModel.swift */ = {isa = PBXFileReference; lastKnownFileType = sourcecode.swift; path = FirebaseItemsViewModel.swift; sourceTree = "<group>"; };
		17BFFDD12C1A0D4C00B2DF82 /* RondalBold-2O4lW.otf */ = {isa = PBXFileReference; lastKnownFileType = file; path = "RondalBold-2O4lW.otf"; sourceTree = "<group>"; };
		17BFFDD22C1A0D4C00B2DF82 /* RondalSemibold-vmZ5Z.otf */ = {isa = PBXFileReference; lastKnownFileType = file; path = "RondalSemibold-vmZ5Z.otf"; sourceTree = "<group>"; };
		17BFFDD32C1A0D4D00B2DF82 /* RondalRegular-K7ORW.otf */ = {isa = PBXFileReference; lastKnownFileType = file; path = "RondalRegular-K7ORW.otf"; sourceTree = "<group>"; };
		17BFFDD82C1A0FC500B2DF82 /* KoldbyFree-eZ0pp.otf */ = {isa = PBXFileReference; lastKnownFileType = file; path = "KoldbyFree-eZ0pp.otf"; sourceTree = "<group>"; };
		17C58B0B2C62B2E7005685DF /* GoogleService-Info.plist */ = {isa = PBXFileReference; fileEncoding = 4; lastKnownFileType = text.plist.xml; path = "GoogleService-Info.plist"; sourceTree = "<group>"; };
		17C58B372C634356005685DF /* Unibell Launch Screen.storyboard */ = {isa = PBXFileReference; lastKnownFileType = file.storyboard; path = "Unibell Launch Screen.storyboard"; sourceTree = "<group>"; };
		17C58B392C635AF0005685DF /* LaunchScreenView.swift */ = {isa = PBXFileReference; lastKnownFileType = sourcecode.swift; path = LaunchScreenView.swift; sourceTree = "<group>"; };
		17CFB5272C52DEBB00E47EED /* CalendarViewViewModel.swift */ = {isa = PBXFileReference; lastKnownFileType = sourcecode.swift; path = CalendarViewViewModel.swift; sourceTree = "<group>"; };
		17CFB52C2C52DF8700E47EED /* MessagingCenterViewModel.swift */ = {isa = PBXFileReference; lastKnownFileType = sourcecode.swift; path = MessagingCenterViewModel.swift; sourceTree = "<group>"; };
		17CFB52E2C52E48000E47EED /* StudentMessageView.swift */ = {isa = PBXFileReference; lastKnownFileType = sourcecode.swift; path = StudentMessageView.swift; sourceTree = "<group>"; };
		17CFB5302C52E49200E47EED /* TeacherMessageView.swift */ = {isa = PBXFileReference; lastKnownFileType = sourcecode.swift; path = TeacherMessageView.swift; sourceTree = "<group>"; };
		17CFB5322C52E5F500E47EED /* MessageView.swift */ = {isa = PBXFileReference; lastKnownFileType = sourcecode.swift; path = MessageView.swift; sourceTree = "<group>"; };
		17CFB5342C53225F00E47EED /* ProfilePictureViewModel.swift */ = {isa = PBXFileReference; lastKnownFileType = sourcecode.swift; path = ProfilePictureViewModel.swift; sourceTree = "<group>"; };
		17D0D8932C5BF59500B01CBA /* CurrentScheduleView.swift */ = {isa = PBXFileReference; lastKnownFileType = sourcecode.swift; path = CurrentScheduleView.swift; sourceTree = "<group>"; };
		17D204F02C2C90860027970D /* SchoolAccessCodeView.swift */ = {isa = PBXFileReference; lastKnownFileType = sourcecode.swift; path = SchoolAccessCodeView.swift; sourceTree = "<group>"; };
		17E17E8F2C556F42006D66A8 /* TeacherMessagingCenterView.swift */ = {isa = PBXFileReference; lastKnownFileType = sourcecode.swift; path = TeacherMessagingCenterView.swift; sourceTree = "<group>"; };
		17E17E912C55748A006D66A8 /* BoolViewModel.swift */ = {isa = PBXFileReference; lastKnownFileType = sourcecode.swift; path = BoolViewModel.swift; sourceTree = "<group>"; };
		17E17E932C557B21006D66A8 /* AllTasksCenterView.swift */ = {isa = PBXFileReference; lastKnownFileType = sourcecode.swift; path = AllTasksCenterView.swift; sourceTree = "<group>"; };
		17E17E952C5580F6006D66A8 /* StudentMessagingCenterView.swift */ = {isa = PBXFileReference; lastKnownFileType = sourcecode.swift; path = StudentMessagingCenterView.swift; sourceTree = "<group>"; };
		17E17E972C558175006D66A8 /* MainStudentView.swift */ = {isa = PBXFileReference; lastKnownFileType = sourcecode.swift; path = MainStudentView.swift; sourceTree = "<group>"; };
		17E17E992C558180006D66A8 /* MainTeacherView.swift */ = {isa = PBXFileReference; lastKnownFileType = sourcecode.swift; path = MainTeacherView.swift; sourceTree = "<group>"; };
		17E17E9D2C55CF1E006D66A8 /* PrivacyPolicyView.swift */ = {isa = PBXFileReference; lastKnownFileType = sourcecode.swift; path = PrivacyPolicyView.swift; sourceTree = "<group>"; };
		17E17E9F2C55CF43006D66A8 /* InformationView.swift */ = {isa = PBXFileReference; lastKnownFileType = sourcecode.swift; path = InformationView.swift; sourceTree = "<group>"; };
		17ECC78B2C5013DA003C0145 /* AllTasksView.swift */ = {isa = PBXFileReference; lastKnownFileType = sourcecode.swift; path = AllTasksView.swift; sourceTree = "<group>"; };
		17ECC78D2C501E43003C0145 /* AllTasksViewModel.swift */ = {isa = PBXFileReference; lastKnownFileType = sourcecode.swift; path = AllTasksViewModel.swift; sourceTree = "<group>"; };
		17ECC7912C501EAB003C0145 /* SingleTaskView.swift */ = {isa = PBXFileReference; lastKnownFileType = sourcecode.swift; path = SingleTaskView.swift; sourceTree = "<group>"; };
		17FC33D62C065C0E0045F4D2 /* NewAgendaItemView.swift */ = {isa = PBXFileReference; lastKnownFileType = sourcecode.swift; path = NewAgendaItemView.swift; sourceTree = "<group>"; };
/* End PBXFileReference section */

/* Begin PBXFrameworksBuildPhase section */
		1776AF862BB5C8EF0057A8DB /* Frameworks */ = {
			isa = PBXFrameworksBuildPhase;
			buildActionMask = 2147483647;
			files = (
				17C58B182C62D9E6005685DF /* FirebaseAnalyticsSwift in Frameworks */,
				17C58B142C62D9E6005685DF /* FirebaseAnalytics in Frameworks */,
				17C58B162C62D9E6005685DF /* FirebaseAnalyticsOnDeviceConversion in Frameworks */,
				17C58B262C62D9E6005685DF /* FirebaseFirestore in Frameworks */,
				17C58B242C62D9E6005685DF /* FirebaseDatabaseSwift in Frameworks */,
				17C58B282C62D9E6005685DF /* FirebaseFirestoreCombine-Community in Frameworks */,
				17C58B1C2C62D9E6005685DF /* FirebaseAppCheck in Frameworks */,
				17C58B1A2C62D9E6005685DF /* FirebaseAnalyticsWithoutAdIdSupport in Frameworks */,
				17C58B2E2C62D9E6005685DF /* FirebaseStorageCombine-Community in Frameworks */,
				17C58B2C2C62D9E6005685DF /* FirebaseStorage in Frameworks */,
				17C58B202C62D9E6005685DF /* FirebaseAuth in Frameworks */,
				17C58B222C62D9E6005685DF /* FirebaseDatabase in Frameworks */,
				17C58B1E2C62D9E6005685DF /* FirebaseAppDistribution-Beta in Frameworks */,
				17C58B2A2C62D9E6005685DF /* FirebaseFirestoreSwift in Frameworks */,
			);
			runOnlyForDeploymentPostprocessing = 0;
		};
		1776AF962BB5C8F40057A8DB /* Frameworks */ = {
			isa = PBXFrameworksBuildPhase;
			buildActionMask = 2147483647;
			files = (
			);
			runOnlyForDeploymentPostprocessing = 0;
		};
		1776AFA02BB5C8F40057A8DB /* Frameworks */ = {
			isa = PBXFrameworksBuildPhase;
			buildActionMask = 2147483647;
			files = (
			);
			runOnlyForDeploymentPostprocessing = 0;
		};
/* End PBXFrameworksBuildPhase section */

/* Begin PBXGroup section */
		171769F62C0BAA77003B2C31 /* SchoolView(Post Log-In) */ = {
			isa = PBXGroup;
			children = (
				17025C432C5455F2004BED0C /* PostLoginView.swift */,
				17D204F02C2C90860027970D /* SchoolAccessCodeView.swift */,
				1776AFDC2BB5CD850057A8DB /* SchoolView.swift */,
				1776AFD42BB5CD080057A8DB /* MainSchoolView */,
				1776AFB92BB5CB6A0057A8DB /* AgendaScheduleView */,
				1776AFBA2BB5CB760057A8DB /* AccountView */,
			);
			path = "SchoolView(Post Log-In)";
			sourceTree = "<group>";
		};
		1776AF802BB5C8EF0057A8DB = {
			isa = PBXGroup;
			children = (
				1776AFB72BB5CB4A0057A8DB /* SignInView */,
				171769F62C0BAA77003B2C31 /* SchoolView(Post Log-In) */,
				1776AFBB2BB5CB7E0057A8DB /* Resources */,
				1776AF8B2BB5C8EF0057A8DB /* Unibell */,
				1776AF9C2BB5C8F40057A8DB /* UnibellTests */,
				1776AFA62BB5C8F40057A8DB /* UnibellUITests */,
				1776AF8A2BB5C8EF0057A8DB /* Products */,
				17C58B0F2C62B354005685DF /* Frameworks */,
			);
			sourceTree = "<group>";
		};
		1776AF8A2BB5C8EF0057A8DB /* Products */ = {
			isa = PBXGroup;
			children = (
				1776AF892BB5C8EF0057A8DB /* Unibell.app */,
				1776AF992BB5C8F40057A8DB /* UnibellTests.xctest */,
				1776AFA32BB5C8F40057A8DB /* UnibellUITests.xctest */,
			);
			name = Products;
			sourceTree = "<group>";
		};
		1776AF8B2BB5C8EF0057A8DB /* Unibell */ = {
			isa = PBXGroup;
			children = (
				1776AFE42BB5CF450057A8DB /* Info.plist */,
				1776AF8C2BB5C8EF0057A8DB /* UnibellApp.swift */,
				1776AF8E2BB5C8EF0057A8DB /* ContentView.swift */,
				1776AF902BB5C8F30057A8DB /* Assets.xcassets */,
				1776AF922BB5C8F30057A8DB /* Preview Content */,
			);
			path = Unibell;
			sourceTree = "<group>";
		};
		1776AF922BB5C8F30057A8DB /* Preview Content */ = {
			isa = PBXGroup;
			children = (
				1776AF932BB5C8F30057A8DB /* Preview Assets.xcassets */,
			);
			path = "Preview Content";
			sourceTree = "<group>";
		};
		1776AF9C2BB5C8F40057A8DB /* UnibellTests */ = {
			isa = PBXGroup;
			children = (
				1776AF9D2BB5C8F40057A8DB /* UnibellTests.swift */,
			);
			path = UnibellTests;
			sourceTree = "<group>";
		};
		1776AFA62BB5C8F40057A8DB /* UnibellUITests */ = {
			isa = PBXGroup;
			children = (
				1776AFA72BB5C8F40057A8DB /* UnibellUITests.swift */,
				1776AFA92BB5C8F40057A8DB /* UnibellUITestsLaunchTests.swift */,
			);
			path = UnibellUITests;
			sourceTree = "<group>";
		};
		1776AFB72BB5CB4A0057A8DB /* SignInView */ = {
			isa = PBXGroup;
			children = (
				1776AFCD2BB5CC400057A8DB /* LoginView.swift */,
				1776AFD12BB5CCA10057A8DB /* LoginModel.swift */,
				17025C392C540700004BED0C /* ResetPasswordView.swift */,
				17025C3B2C540739004BED0C /* RegisterView.swift */,
				17025C3F2C542A22004BED0C /* RegisterModel.swift */,
				1776AFCF2BB5CC810057A8DB /* LoadingView.swift */,
			);
			path = SignInView;
			sourceTree = "<group>";
		};
		1776AFB92BB5CB6A0057A8DB /* AgendaScheduleView */ = {
			isa = PBXGroup;
			children = (
				17FC33D62C065C0E0045F4D2 /* NewAgendaItemView.swift */,
				17988D442BFFD42200A5E569 /* AgendaTasksRowView.swift */,
				17988D422BFF095D00A5E569 /* AgendaScheduleView.swift */,
				17A7A52D2C2F23E600FAB9BA /* FirebaseItemsViewModel.swift */,
				1776AFEB2BB6463E0057A8DB /* AgendaScheduleModel.swift */,
				1776AFED2BB655F00057A8DB /* TLButton.swift */,
			);
			path = AgendaScheduleView;
			sourceTree = "<group>";
		};
		1776AFBA2BB5CB760057A8DB /* AccountView */ = {
			isa = PBXGroup;
			children = (
				1776AFDA2BB5CD6E0057A8DB /* AccountView.swift */,
				1735B7522BB70F1B001EB6EB /* AccountViewModel.swift */,
				17E17E9D2C55CF1E006D66A8 /* PrivacyPolicyView.swift */,
				17E17E9F2C55CF43006D66A8 /* InformationView.swift */,
			);
			path = AccountView;
			sourceTree = "<group>";
		};
		1776AFBB2BB5CB7E0057A8DB /* Resources */ = {
			isa = PBXGroup;
			children = (
				17C58B0B2C62B2E7005685DF /* GoogleService-Info.plist */,
				17BFFDD12C1A0D4C00B2DF82 /* RondalBold-2O4lW.otf */,
				17BFFDD82C1A0FC500B2DF82 /* KoldbyFree-eZ0pp.otf */,
				17BFFDD32C1A0D4D00B2DF82 /* RondalRegular-K7ORW.otf */,
				17BFFDD22C1A0D4C00B2DF82 /* RondalSemibold-vmZ5Z.otf */,
				179D5AB72C22A3C20068B2F5 /* SWCal.ics */,
				1776AFE02BB5CDC40057A8DB /* Color.swift */,
				175CA9A62C2DD86A00134E9F /* AdaptiveLayout.swift */,
				17CFB5342C53225F00E47EED /* ProfilePictureViewModel.swift */,
				17E17E912C55748A006D66A8 /* BoolViewModel.swift */,
				17A4E4CD2C5E8C23009A3E86 /* CustomNavBarView.swift */,
				17C58B372C634356005685DF /* Unibell Launch Screen.storyboard */,
				17C58B392C635AF0005685DF /* LaunchScreenView.swift */,
			);
			path = Resources;
			sourceTree = "<group>";
		};
		1776AFD42BB5CD080057A8DB /* MainSchoolView */ = {
			isa = PBXGroup;
			children = (
				17E17E972C558175006D66A8 /* MainStudentView.swift */,
				17E17E992C558180006D66A8 /* MainTeacherView.swift */,
				17A4E4C82C5DFBC7009A3E86 /* AnnouncementsView */,
				17D0D8922C5BF38C00B01CBA /* ScheduleView */,
				17CFB5292C52DF5100E47EED /* MessagingCenter */,
				17ECC78A2C5013BE003C0145 /* AllTasks */,
				177B187E2C15376C0050C912 /* SchoolTImes */,
			);
			path = MainSchoolView;
			sourceTree = "<group>";
		};
		177B187E2C15376C0050C912 /* SchoolTImes */ = {
			isa = PBXGroup;
			children = (
				17371B672C16E63A0079E163 /* SchoolTimeView.swift */,
				177B187F2C1537870050C912 /* SchoolTimesModel.swift */,
				17CFB5272C52DEBB00E47EED /* CalendarViewViewModel.swift */,
				1702157E2C61E9A7001DA85D /* ClockImageView.swift */,
			);
			path = SchoolTImes;
			sourceTree = "<group>";
		};
		17A4E4C82C5DFBC7009A3E86 /* AnnouncementsView */ = {
			isa = PBXGroup;
			children = (
				17A4E4CB2C5DFC12009A3E86 /* GoogleSlidesEmbedModel.swift */,
				17A4E4CF2C5EC512009A3E86 /* AnnouncementsView.swift */,
				170215802C61FFA4001DA85D /* TeacherAnnouncementView.swift */,
			);
			path = AnnouncementsView;
			sourceTree = "<group>";
		};
		17C58B0F2C62B354005685DF /* Frameworks */ = {
			isa = PBXGroup;
			children = (
			);
			name = Frameworks;
			sourceTree = "<group>";
		};
		17CFB5292C52DF5100E47EED /* MessagingCenter */ = {
			isa = PBXGroup;
			children = (
				17CFB52C2C52DF8700E47EED /* MessagingCenterViewModel.swift */,
				17CFB5322C52E5F500E47EED /* MessageView.swift */,
				17CFB5302C52E49200E47EED /* TeacherMessageView.swift */,
				17E17E8F2C556F42006D66A8 /* TeacherMessagingCenterView.swift */,
				17CFB52E2C52E48000E47EED /* StudentMessageView.swift */,
				17E17E952C5580F6006D66A8 /* StudentMessagingCenterView.swift */,
			);
			path = MessagingCenter;
			sourceTree = "<group>";
		};
		17D0D8922C5BF38C00B01CBA /* ScheduleView */ = {
			isa = PBXGroup;
			children = (
				17D0D8932C5BF59500B01CBA /* CurrentScheduleView.swift */,
			);
			path = ScheduleView;
			sourceTree = "<group>";
		};
		17ECC78A2C5013BE003C0145 /* AllTasks */ = {
			isa = PBXGroup;
			children = (
				17ECC78B2C5013DA003C0145 /* AllTasksView.swift */,
				17E17E932C557B21006D66A8 /* AllTasksCenterView.swift */,
				17ECC7912C501EAB003C0145 /* SingleTaskView.swift */,
				17ECC78D2C501E43003C0145 /* AllTasksViewModel.swift */,
			);
			path = AllTasks;
			sourceTree = "<group>";
		};
/* End PBXGroup section */

/* Begin PBXNativeTarget section */
		1776AF882BB5C8EF0057A8DB /* Unibell */ = {
			isa = PBXNativeTarget;
			buildConfigurationList = 1776AFAD2BB5C8F40057A8DB /* Build configuration list for PBXNativeTarget "Unibell" */;
			buildPhases = (
				1776AF852BB5C8EF0057A8DB /* Sources */,
				1776AF862BB5C8EF0057A8DB /* Frameworks */,
				1776AF872BB5C8EF0057A8DB /* Resources */,
			);
			buildRules = (
			);
			dependencies = (
			);
			name = Unibell;
			packageProductDependencies = (
				17C58B132C62D9E6005685DF /* FirebaseAnalytics */,
				17C58B152C62D9E6005685DF /* FirebaseAnalyticsOnDeviceConversion */,
				17C58B172C62D9E6005685DF /* FirebaseAnalyticsSwift */,
				17C58B192C62D9E6005685DF /* FirebaseAnalyticsWithoutAdIdSupport */,
				17C58B1B2C62D9E6005685DF /* FirebaseAppCheck */,
				17C58B1D2C62D9E6005685DF /* FirebaseAppDistribution-Beta */,
				17C58B1F2C62D9E6005685DF /* FirebaseAuth */,
				17C58B212C62D9E6005685DF /* FirebaseDatabase */,
				17C58B232C62D9E6005685DF /* FirebaseDatabaseSwift */,
				17C58B252C62D9E6005685DF /* FirebaseFirestore */,
				17C58B272C62D9E6005685DF /* FirebaseFirestoreCombine-Community */,
				17C58B292C62D9E6005685DF /* FirebaseFirestoreSwift */,
				17C58B2B2C62D9E6005685DF /* FirebaseStorage */,
				17C58B2D2C62D9E6005685DF /* FirebaseStorageCombine-Community */,
			);
			productName = Unibell;
			productReference = 1776AF892BB5C8EF0057A8DB /* Unibell.app */;
			productType = "com.apple.product-type.application";
		};
		1776AF982BB5C8F40057A8DB /* UnibellTests */ = {
			isa = PBXNativeTarget;
			buildConfigurationList = 1776AFB02BB5C8F40057A8DB /* Build configuration list for PBXNativeTarget "UnibellTests" */;
			buildPhases = (
				1776AF952BB5C8F40057A8DB /* Sources */,
				1776AF962BB5C8F40057A8DB /* Frameworks */,
				1776AF972BB5C8F40057A8DB /* Resources */,
			);
			buildRules = (
			);
			dependencies = (
				1776AF9B2BB5C8F40057A8DB /* PBXTargetDependency */,
			);
			name = UnibellTests;
			productName = UnibellTests;
			productReference = 1776AF992BB5C8F40057A8DB /* UnibellTests.xctest */;
			productType = "com.apple.product-type.bundle.unit-test";
		};
		1776AFA22BB5C8F40057A8DB /* UnibellUITests */ = {
			isa = PBXNativeTarget;
			buildConfigurationList = 1776AFB32BB5C8F40057A8DB /* Build configuration list for PBXNativeTarget "UnibellUITests" */;
			buildPhases = (
				1776AF9F2BB5C8F40057A8DB /* Sources */,
				1776AFA02BB5C8F40057A8DB /* Frameworks */,
				1776AFA12BB5C8F40057A8DB /* Resources */,
			);
			buildRules = (
			);
			dependencies = (
				1776AFA52BB5C8F40057A8DB /* PBXTargetDependency */,
			);
			name = UnibellUITests;
			productName = UnibellUITests;
			productReference = 1776AFA32BB5C8F40057A8DB /* UnibellUITests.xctest */;
			productType = "com.apple.product-type.bundle.ui-testing";
		};
/* End PBXNativeTarget section */

/* Begin PBXProject section */
		1776AF812BB5C8EF0057A8DB /* Project object */ = {
			isa = PBXProject;
			attributes = {
				BuildIndependentTargetsInParallel = 1;
				LastSwiftUpdateCheck = 1520;
				LastUpgradeCheck = 1620;
				TargetAttributes = {
					1776AF882BB5C8EF0057A8DB = {
						CreatedOnToolsVersion = 15.2;
					};
					1776AF982BB5C8F40057A8DB = {
						CreatedOnToolsVersion = 15.2;
						TestTargetID = 1776AF882BB5C8EF0057A8DB;
					};
					1776AFA22BB5C8F40057A8DB = {
						CreatedOnToolsVersion = 15.2;
						TestTargetID = 1776AF882BB5C8EF0057A8DB;
					};
				};
			};
			buildConfigurationList = 1776AF842BB5C8EF0057A8DB /* Build configuration list for PBXProject "Unibell" */;
			compatibilityVersion = "Xcode 15.0";
			developmentRegion = en;
			hasScannedForEncodings = 0;
			knownRegions = (
				en,
				Base,
			);
			mainGroup = 1776AF802BB5C8EF0057A8DB;
			packageReferences = (
				1776AFBE2BB5CBE10057A8DB /* XCRemoteSwiftPackageReference "firebase-ios-sdk" */,
			);
			productRefGroup = 1776AF8A2BB5C8EF0057A8DB /* Products */;
			projectDirPath = "";
			projectRoot = "";
			targets = (
				1776AF882BB5C8EF0057A8DB /* Unibell */,
				1776AF982BB5C8F40057A8DB /* UnibellTests */,
				1776AFA22BB5C8F40057A8DB /* UnibellUITests */,
			);
		};
/* End PBXProject section */

/* Begin PBXResourcesBuildPhase section */
		1776AF872BB5C8EF0057A8DB /* Resources */ = {
			isa = PBXResourcesBuildPhase;
			buildActionMask = 2147483647;
			files = (
				179D5AB82C22A3C20068B2F5 /* SWCal.ics in Resources */,
				17C58B382C634356005685DF /* Unibell Launch Screen.storyboard in Resources */,
				17C58B0C2C62B2E7005685DF /* GoogleService-Info.plist in Resources */,
				17BFFDD42C1A0D4D00B2DF82 /* RondalBold-2O4lW.otf in Resources */,
				17BFFDD92C1A0FC600B2DF82 /* KoldbyFree-eZ0pp.otf in Resources */,
				1776AF942BB5C8F30057A8DB /* Preview Assets.xcassets in Resources */,
				1776AF912BB5C8F30057A8DB /* Assets.xcassets in Resources */,
				17BFFDD52C1A0D4D00B2DF82 /* RondalSemibold-vmZ5Z.otf in Resources */,
				17BFFDD62C1A0D4D00B2DF82 /* RondalRegular-K7ORW.otf in Resources */,
			);
			runOnlyForDeploymentPostprocessing = 0;
		};
		1776AF972BB5C8F40057A8DB /* Resources */ = {
			isa = PBXResourcesBuildPhase;
			buildActionMask = 2147483647;
			files = (
			);
			runOnlyForDeploymentPostprocessing = 0;
		};
		1776AFA12BB5C8F40057A8DB /* Resources */ = {
			isa = PBXResourcesBuildPhase;
			buildActionMask = 2147483647;
			files = (
			);
			runOnlyForDeploymentPostprocessing = 0;
		};
/* End PBXResourcesBuildPhase section */

/* Begin PBXSourcesBuildPhase section */
		1776AF852BB5C8EF0057A8DB /* Sources */ = {
			isa = PBXSourcesBuildPhase;
			buildActionMask = 2147483647;
			files = (
				17CFB5312C52E49200E47EED /* TeacherMessageView.swift in Sources */,
				17C58B3A2C635AF0005685DF /* LaunchScreenView.swift in Sources */,
				17ECC7922C501EAB003C0145 /* SingleTaskView.swift in Sources */,
				17025C3C2C540739004BED0C /* RegisterView.swift in Sources */,
				17E17E9E2C55CF1E006D66A8 /* PrivacyPolicyView.swift in Sources */,
				1776AFEE2BB655F00057A8DB /* TLButton.swift in Sources */,
				17025C402C542A22004BED0C /* RegisterModel.swift in Sources */,
				17D204F12C2C90870027970D /* SchoolAccessCodeView.swift in Sources */,
				17CFB5352C53225F00E47EED /* ProfilePictureViewModel.swift in Sources */,
				17025C442C5455F2004BED0C /* PostLoginView.swift in Sources */,
				17371B682C16E63A0079E163 /* SchoolTimeView.swift in Sources */,
				17CFB52F2C52E48000E47EED /* StudentMessageView.swift in Sources */,
				175CA9A72C2DD86A00134E9F /* AdaptiveLayout.swift in Sources */,
				1776AFDD2BB5CD850057A8DB /* SchoolView.swift in Sources */,
				17CFB52D2C52DF8700E47EED /* MessagingCenterViewModel.swift in Sources */,
				17ECC78E2C501E43003C0145 /* AllTasksViewModel.swift in Sources */,
				1776AFD22BB5CCA10057A8DB /* LoginModel.swift in Sources */,
				17988D432BFF095D00A5E569 /* AgendaScheduleView.swift in Sources */,
				17CFB5332C52E5F500E47EED /* MessageView.swift in Sources */,
				17A4E4CC2C5DFC12009A3E86 /* GoogleSlidesEmbedModel.swift in Sources */,
				17A7A52E2C2F23E600FAB9BA /* FirebaseItemsViewModel.swift in Sources */,
				17E17E942C557B21006D66A8 /* AllTasksCenterView.swift in Sources */,
				17D0D8942C5BF59500B01CBA /* CurrentScheduleView.swift in Sources */,
				17E17E982C558175006D66A8 /* MainStudentView.swift in Sources */,
				17A4E4CE2C5E8C24009A3E86 /* CustomNavBarView.swift in Sources */,
				1776AFE12BB5CDC40057A8DB /* Color.swift in Sources */,
				17FC33D72C065C0E0045F4D2 /* NewAgendaItemView.swift in Sources */,
				1776AFCE2BB5CC400057A8DB /* LoginView.swift in Sources */,
				1776AFEC2BB6463F0057A8DB /* AgendaScheduleModel.swift in Sources */,
				1702157F2C61E9A8001DA85D /* ClockImageView.swift in Sources */,
				17E17E9A2C558180006D66A8 /* MainTeacherView.swift in Sources */,
				17E17E962C5580F6006D66A8 /* StudentMessagingCenterView.swift in Sources */,
				17CFB5282C52DEBB00E47EED /* CalendarViewViewModel.swift in Sources */,
				1735B7532BB70F1B001EB6EB /* AccountViewModel.swift in Sources */,
				177B18802C1537870050C912 /* SchoolTimesModel.swift in Sources */,
				1776AFDB2BB5CD6E0057A8DB /* AccountView.swift in Sources */,
				17E17EA02C55CF43006D66A8 /* InformationView.swift in Sources */,
				17A4E4D02C5EC512009A3E86 /* AnnouncementsView.swift in Sources */,
				1776AFD02BB5CC810057A8DB /* LoadingView.swift in Sources */,
				1776AF8F2BB5C8EF0057A8DB /* ContentView.swift in Sources */,
				17ECC78C2C5013DA003C0145 /* AllTasksView.swift in Sources */,
				17E17E902C556F42006D66A8 /* TeacherMessagingCenterView.swift in Sources */,
				17E17E922C55748A006D66A8 /* BoolViewModel.swift in Sources */,
				170215812C61FFA4001DA85D /* TeacherAnnouncementView.swift in Sources */,
				17025C3A2C540700004BED0C /* ResetPasswordView.swift in Sources */,
				1776AF8D2BB5C8EF0057A8DB /* UnibellApp.swift in Sources */,
				17988D452BFFD42200A5E569 /* AgendaTasksRowView.swift in Sources */,
			);
			runOnlyForDeploymentPostprocessing = 0;
		};
		1776AF952BB5C8F40057A8DB /* Sources */ = {
			isa = PBXSourcesBuildPhase;
			buildActionMask = 2147483647;
			files = (
				1776AF9E2BB5C8F40057A8DB /* UnibellTests.swift in Sources */,
			);
			runOnlyForDeploymentPostprocessing = 0;
		};
		1776AF9F2BB5C8F40057A8DB /* Sources */ = {
			isa = PBXSourcesBuildPhase;
			buildActionMask = 2147483647;
			files = (
				1776AFAA2BB5C8F40057A8DB /* UnibellUITestsLaunchTests.swift in Sources */,
				1776AFA82BB5C8F40057A8DB /* UnibellUITests.swift in Sources */,
			);
			runOnlyForDeploymentPostprocessing = 0;
		};
/* End PBXSourcesBuildPhase section */

/* Begin PBXTargetDependency section */
		1776AF9B2BB5C8F40057A8DB /* PBXTargetDependency */ = {
			isa = PBXTargetDependency;
			target = 1776AF882BB5C8EF0057A8DB /* Unibell */;
			targetProxy = 1776AF9A2BB5C8F40057A8DB /* PBXContainerItemProxy */;
		};
		1776AFA52BB5C8F40057A8DB /* PBXTargetDependency */ = {
			isa = PBXTargetDependency;
			target = 1776AF882BB5C8EF0057A8DB /* Unibell */;
			targetProxy = 1776AFA42BB5C8F40057A8DB /* PBXContainerItemProxy */;
		};
/* End PBXTargetDependency section */

/* Begin XCBuildConfiguration section */
		1776AFAB2BB5C8F40057A8DB /* Debug */ = {
			isa = XCBuildConfiguration;
			buildSettings = {
				ALWAYS_SEARCH_USER_PATHS = NO;
				ASSETCATALOG_COMPILER_GENERATE_SWIFT_ASSET_SYMBOL_EXTENSIONS = YES;
				CLANG_ANALYZER_NONNULL = YES;
				CLANG_ANALYZER_NUMBER_OBJECT_CONVERSION = YES_AGGRESSIVE;
				CLANG_CXX_LANGUAGE_STANDARD = "gnu++20";
				CLANG_ENABLE_MODULES = YES;
				CLANG_ENABLE_OBJC_ARC = YES;
				CLANG_ENABLE_OBJC_WEAK = YES;
				CLANG_WARN_BLOCK_CAPTURE_AUTORELEASING = YES;
				CLANG_WARN_BOOL_CONVERSION = YES;
				CLANG_WARN_COMMA = YES;
				CLANG_WARN_CONSTANT_CONVERSION = YES;
				CLANG_WARN_DEPRECATED_OBJC_IMPLEMENTATIONS = YES;
				CLANG_WARN_DIRECT_OBJC_ISA_USAGE = YES_ERROR;
				CLANG_WARN_DOCUMENTATION_COMMENTS = YES;
				CLANG_WARN_EMPTY_BODY = YES;
				CLANG_WARN_ENUM_CONVERSION = YES;
				CLANG_WARN_INFINITE_RECURSION = YES;
				CLANG_WARN_INT_CONVERSION = YES;
				CLANG_WARN_NON_LITERAL_NULL_CONVERSION = YES;
				CLANG_WARN_OBJC_IMPLICIT_RETAIN_SELF = YES;
				CLANG_WARN_OBJC_LITERAL_CONVERSION = YES;
				CLANG_WARN_OBJC_ROOT_CLASS = YES_ERROR;
				CLANG_WARN_QUOTED_INCLUDE_IN_FRAMEWORK_HEADER = YES;
				CLANG_WARN_RANGE_LOOP_ANALYSIS = YES;
				CLANG_WARN_STRICT_PROTOTYPES = YES;
				CLANG_WARN_SUSPICIOUS_MOVE = YES;
				CLANG_WARN_UNGUARDED_AVAILABILITY = YES_AGGRESSIVE;
				CLANG_WARN_UNREACHABLE_CODE = YES;
				CLANG_WARN__DUPLICATE_METHOD_MATCH = YES;
				COPY_PHASE_STRIP = NO;
				DEBUG_INFORMATION_FORMAT = dwarf;
				ENABLE_STRICT_OBJC_MSGSEND = YES;
				ENABLE_TESTABILITY = YES;
				ENABLE_USER_SCRIPT_SANDBOXING = YES;
				GCC_C_LANGUAGE_STANDARD = gnu17;
				GCC_DYNAMIC_NO_PIC = NO;
				GCC_NO_COMMON_BLOCKS = YES;
				GCC_OPTIMIZATION_LEVEL = 0;
				GCC_PREPROCESSOR_DEFINITIONS = (
					"DEBUG=1",
					"$(inherited)",
				);
				GCC_WARN_64_TO_32_BIT_CONVERSION = YES;
				GCC_WARN_ABOUT_RETURN_TYPE = YES_ERROR;
				GCC_WARN_UNDECLARED_SELECTOR = YES;
				GCC_WARN_UNINITIALIZED_AUTOS = YES_AGGRESSIVE;
				GCC_WARN_UNUSED_FUNCTION = YES;
				GCC_WARN_UNUSED_VARIABLE = YES;
				IPHONEOS_DEPLOYMENT_TARGET = 17.0;
				LOCALIZATION_PREFERS_STRING_CATALOGS = YES;
				MTL_ENABLE_DEBUG_INFO = INCLUDE_SOURCE;
				MTL_FAST_MATH = YES;
				ONLY_ACTIVE_ARCH = YES;
				SDKROOT = iphoneos;
				SWIFT_ACTIVE_COMPILATION_CONDITIONS = "DEBUG $(inherited)";
				SWIFT_OPTIMIZATION_LEVEL = "-Onone";
			};
			name = Debug;
		};
		1776AFAC2BB5C8F40057A8DB /* Release */ = {
			isa = XCBuildConfiguration;
			buildSettings = {
				ALWAYS_SEARCH_USER_PATHS = NO;
				ASSETCATALOG_COMPILER_GENERATE_SWIFT_ASSET_SYMBOL_EXTENSIONS = YES;
				CLANG_ANALYZER_NONNULL = YES;
				CLANG_ANALYZER_NUMBER_OBJECT_CONVERSION = YES_AGGRESSIVE;
				CLANG_CXX_LANGUAGE_STANDARD = "gnu++20";
				CLANG_ENABLE_MODULES = YES;
				CLANG_ENABLE_OBJC_ARC = YES;
				CLANG_ENABLE_OBJC_WEAK = YES;
				CLANG_WARN_BLOCK_CAPTURE_AUTORELEASING = YES;
				CLANG_WARN_BOOL_CONVERSION = YES;
				CLANG_WARN_COMMA = YES;
				CLANG_WARN_CONSTANT_CONVERSION = YES;
				CLANG_WARN_DEPRECATED_OBJC_IMPLEMENTATIONS = YES;
				CLANG_WARN_DIRECT_OBJC_ISA_USAGE = YES_ERROR;
				CLANG_WARN_DOCUMENTATION_COMMENTS = YES;
				CLANG_WARN_EMPTY_BODY = YES;
				CLANG_WARN_ENUM_CONVERSION = YES;
				CLANG_WARN_INFINITE_RECURSION = YES;
				CLANG_WARN_INT_CONVERSION = YES;
				CLANG_WARN_NON_LITERAL_NULL_CONVERSION = YES;
				CLANG_WARN_OBJC_IMPLICIT_RETAIN_SELF = YES;
				CLANG_WARN_OBJC_LITERAL_CONVERSION = YES;
				CLANG_WARN_OBJC_ROOT_CLASS = YES_ERROR;
				CLANG_WARN_QUOTED_INCLUDE_IN_FRAMEWORK_HEADER = YES;
				CLANG_WARN_RANGE_LOOP_ANALYSIS = YES;
				CLANG_WARN_STRICT_PROTOTYPES = YES;
				CLANG_WARN_SUSPICIOUS_MOVE = YES;
				CLANG_WARN_UNGUARDED_AVAILABILITY = YES_AGGRESSIVE;
				CLANG_WARN_UNREACHABLE_CODE = YES;
				CLANG_WARN__DUPLICATE_METHOD_MATCH = YES;
				COPY_PHASE_STRIP = NO;
				DEBUG_INFORMATION_FORMAT = "dwarf-with-dsym";
				ENABLE_NS_ASSERTIONS = NO;
				ENABLE_STRICT_OBJC_MSGSEND = YES;
				ENABLE_TESTABILITY = NO;
				ENABLE_USER_SCRIPT_SANDBOXING = YES;
				GCC_C_LANGUAGE_STANDARD = gnu17;
				GCC_NO_COMMON_BLOCKS = YES;
				GCC_WARN_64_TO_32_BIT_CONVERSION = YES;
				GCC_WARN_ABOUT_RETURN_TYPE = YES_ERROR;
				GCC_WARN_UNDECLARED_SELECTOR = YES;
				GCC_WARN_UNINITIALIZED_AUTOS = YES_AGGRESSIVE;
				GCC_WARN_UNUSED_FUNCTION = YES;
				GCC_WARN_UNUSED_VARIABLE = YES;
				IPHONEOS_DEPLOYMENT_TARGET = 17.0;
				LOCALIZATION_PREFERS_STRING_CATALOGS = YES;
				MTL_ENABLE_DEBUG_INFO = NO;
				MTL_FAST_MATH = YES;
				ONLY_ACTIVE_ARCH = NO;
				SDKROOT = iphoneos;
				SWIFT_COMPILATION_MODE = wholemodule;
				VALIDATE_PRODUCT = YES;
			};
			name = Release;
		};
		1776AFAE2BB5C8F40057A8DB /* Debug */ = {
			isa = XCBuildConfiguration;
			buildSettings = {
				ASSETCATALOG_COMPILER_APPICON_NAME = AppIcon;
				ASSETCATALOG_COMPILER_GLOBAL_ACCENT_COLOR_NAME = AccentColor;
				ASSETCATALOG_COMPILER_INCLUDE_ALL_APPICON_ASSETS = YES;
				CODE_SIGN_IDENTITY = "Apple Development";
				CODE_SIGN_STYLE = Automatic;
				CURRENT_PROJECT_VERSION = 1;
				DEVELOPMENT_ASSET_PATHS = "\"Unibell/Preview Content\"";
				DEVELOPMENT_TEAM = VBARPHS46A;
				ENABLE_PREVIEWS = YES;
				GENERATE_INFOPLIST_FILE = YES;
				INFOPLIST_FILE = Unibell/Info.plist;
				INFOPLIST_KEY_CFBundleDisplayName = "";
				INFOPLIST_KEY_NSPhotoLibraryUsageDescription = "We need access to your photo library to set your profile picture.";
				INFOPLIST_KEY_UIApplicationSceneManifest_Generation = YES;
				INFOPLIST_KEY_UIApplicationSupportsIndirectInputEvents = YES;
				INFOPLIST_KEY_UILaunchStoryboardName = "Unibell Launch Screen.storyboard";
				INFOPLIST_KEY_UISupportedInterfaceOrientations_iPad = "UIInterfaceOrientationPortrait UIInterfaceOrientationPortraitUpsideDown UIInterfaceOrientationLandscapeLeft UIInterfaceOrientationLandscapeRight";
				INFOPLIST_KEY_UISupportedInterfaceOrientations_iPhone = "UIInterfaceOrientationPortrait UIInterfaceOrientationLandscapeLeft UIInterfaceOrientationLandscapeRight";
				LD_RUNPATH_SEARCH_PATHS = (
					"$(inherited)",
					"@executable_path/Frameworks",
				);
				MARKETING_VERSION = 1.1;
				PRODUCT_BUNDLE_IDENTIFIER = nathanielham.Unibell;
				PRODUCT_NAME = "$(TARGET_NAME)";
				PROVISIONING_PROFILE_SPECIFIER = "";
				SWIFT_EMIT_LOC_STRINGS = YES;
				SWIFT_VERSION = 5.0;
				TARGETED_DEVICE_FAMILY = "1,2";
			};
			name = Debug;
		};
		1776AFAF2BB5C8F40057A8DB /* Release */ = {
			isa = XCBuildConfiguration;
			buildSettings = {
				ASSETCATALOG_COMPILER_APPICON_NAME = AppIcon;
				ASSETCATALOG_COMPILER_GLOBAL_ACCENT_COLOR_NAME = AccentColor;
				ASSETCATALOG_COMPILER_INCLUDE_ALL_APPICON_ASSETS = YES;
				CODE_SIGN_IDENTITY = "Apple Development";
				CODE_SIGN_STYLE = Automatic;
				CURRENT_PROJECT_VERSION = 1;
				DEVELOPMENT_ASSET_PATHS = "\"Unibell/Preview Content\"";
				DEVELOPMENT_TEAM = VBARPHS46A;
				ENABLE_PREVIEWS = YES;
				GENERATE_INFOPLIST_FILE = YES;
				INFOPLIST_FILE = Unibell/Info.plist;
				INFOPLIST_KEY_CFBundleDisplayName = "";
				INFOPLIST_KEY_NSPhotoLibraryUsageDescription = "We need access to your photo library to set your profile picture.";
				INFOPLIST_KEY_UIApplicationSceneManifest_Generation = YES;
				INFOPLIST_KEY_UIApplicationSupportsIndirectInputEvents = YES;
				INFOPLIST_KEY_UILaunchStoryboardName = "Unibell Launch Screen.storyboard";
				INFOPLIST_KEY_UISupportedInterfaceOrientations_iPad = "UIInterfaceOrientationPortrait UIInterfaceOrientationPortraitUpsideDown UIInterfaceOrientationLandscapeLeft UIInterfaceOrientationLandscapeRight";
				INFOPLIST_KEY_UISupportedInterfaceOrientations_iPhone = "UIInterfaceOrientationPortrait UIInterfaceOrientationLandscapeLeft UIInterfaceOrientationLandscapeRight";
				LD_RUNPATH_SEARCH_PATHS = (
					"$(inherited)",
					"@executable_path/Frameworks",
				);
				MARKETING_VERSION = 1.1;
				PRODUCT_BUNDLE_IDENTIFIER = nathanielham.Unibell;
				PRODUCT_NAME = "$(TARGET_NAME)";
				PROVISIONING_PROFILE_SPECIFIER = "";
				SWIFT_EMIT_LOC_STRINGS = YES;
				SWIFT_VERSION = 5.0;
				TARGETED_DEVICE_FAMILY = "1,2";
			};
			name = Release;
		};
		1776AFB12BB5C8F40057A8DB /* Debug */ = {
			isa = XCBuildConfiguration;
			buildSettings = {
				BUNDLE_LOADER = "$(TEST_HOST)";
				CODE_SIGN_STYLE = Automatic;
				CURRENT_PROJECT_VERSION = 1;
				GENERATE_INFOPLIST_FILE = YES;
				IPHONEOS_DEPLOYMENT_TARGET = 17.2;
				MARKETING_VERSION = 1.0;
				PRODUCT_BUNDLE_IDENTIFIER = nathanielham.UnibellTests;
				PRODUCT_NAME = "$(TARGET_NAME)";
				SWIFT_EMIT_LOC_STRINGS = NO;
				SWIFT_VERSION = 5.0;
				TARGETED_DEVICE_FAMILY = "1,2";
				TEST_HOST = "$(BUILT_PRODUCTS_DIR)/Unibell.app/$(BUNDLE_EXECUTABLE_FOLDER_PATH)/Unibell";
			};
			name = Debug;
		};
		1776AFB22BB5C8F40057A8DB /* Release */ = {
			isa = XCBuildConfiguration;
			buildSettings = {
				BUNDLE_LOADER = "$(TEST_HOST)";
				CODE_SIGN_STYLE = Automatic;
				CURRENT_PROJECT_VERSION = 1;
				GENERATE_INFOPLIST_FILE = YES;
				IPHONEOS_DEPLOYMENT_TARGET = 17.2;
				MARKETING_VERSION = 1.0;
				PRODUCT_BUNDLE_IDENTIFIER = nathanielham.UnibellTests;
				PRODUCT_NAME = "$(TARGET_NAME)";
				SWIFT_EMIT_LOC_STRINGS = NO;
				SWIFT_VERSION = 5.0;
				TARGETED_DEVICE_FAMILY = "1,2";
				TEST_HOST = "$(BUILT_PRODUCTS_DIR)/Unibell.app/$(BUNDLE_EXECUTABLE_FOLDER_PATH)/Unibell";
			};
			name = Release;
		};
		1776AFB42BB5C8F40057A8DB /* Debug */ = {
			isa = XCBuildConfiguration;
			buildSettings = {
				CODE_SIGN_STYLE = Automatic;
				CURRENT_PROJECT_VERSION = 1;
				GENERATE_INFOPLIST_FILE = YES;
				MARKETING_VERSION = 1.0;
				PRODUCT_BUNDLE_IDENTIFIER = nathanielham.UnibellUITests;
				PRODUCT_NAME = "$(TARGET_NAME)";
				SWIFT_EMIT_LOC_STRINGS = NO;
				SWIFT_VERSION = 5.0;
				TARGETED_DEVICE_FAMILY = "1,2";
				TEST_TARGET_NAME = Unibell;
			};
			name = Debug;
		};
		1776AFB52BB5C8F40057A8DB /* Release */ = {
			isa = XCBuildConfiguration;
			buildSettings = {
				CODE_SIGN_STYLE = Automatic;
				CURRENT_PROJECT_VERSION = 1;
				GENERATE_INFOPLIST_FILE = YES;
				MARKETING_VERSION = 1.0;
				PRODUCT_BUNDLE_IDENTIFIER = nathanielham.UnibellUITests;
				PRODUCT_NAME = "$(TARGET_NAME)";
				SWIFT_EMIT_LOC_STRINGS = NO;
				SWIFT_VERSION = 5.0;
				TARGETED_DEVICE_FAMILY = "1,2";
				TEST_TARGET_NAME = Unibell;
			};
			name = Release;
		};
/* End XCBuildConfiguration section */

/* Begin XCConfigurationList section */
		1776AF842BB5C8EF0057A8DB /* Build configuration list for PBXProject "Unibell" */ = {
			isa = XCConfigurationList;
			buildConfigurations = (
				1776AFAB2BB5C8F40057A8DB /* Debug */,
				1776AFAC2BB5C8F40057A8DB /* Release */,
			);
			defaultConfigurationIsVisible = 0;
			defaultConfigurationName = Release;
		};
		1776AFAD2BB5C8F40057A8DB /* Build configuration list for PBXNativeTarget "Unibell" */ = {
			isa = XCConfigurationList;
			buildConfigurations = (
				1776AFAE2BB5C8F40057A8DB /* Debug */,
				1776AFAF2BB5C8F40057A8DB /* Release */,
			);
			defaultConfigurationIsVisible = 0;
			defaultConfigurationName = Release;
		};
		1776AFB02BB5C8F40057A8DB /* Build configuration list for PBXNativeTarget "UnibellTests" */ = {
			isa = XCConfigurationList;
			buildConfigurations = (
				1776AFB12BB5C8F40057A8DB /* Debug */,
				1776AFB22BB5C8F40057A8DB /* Release */,
			);
			defaultConfigurationIsVisible = 0;
			defaultConfigurationName = Release;
		};
		1776AFB32BB5C8F40057A8DB /* Build configuration list for PBXNativeTarget "UnibellUITests" */ = {
			isa = XCConfigurationList;
			buildConfigurations = (
				1776AFB42BB5C8F40057A8DB /* Debug */,
				1776AFB52BB5C8F40057A8DB /* Release */,
			);
			defaultConfigurationIsVisible = 0;
			defaultConfigurationName = Release;
		};
/* End XCConfigurationList section */

/* Begin XCRemoteSwiftPackageReference section */
		1776AFBE2BB5CBE10057A8DB /* XCRemoteSwiftPackageReference "firebase-ios-sdk" */ = {
			isa = XCRemoteSwiftPackageReference;
			repositoryURL = "https://github.com/firebase/firebase-ios-sdk";
			requirement = {
				kind = upToNextMajorVersion;
				minimumVersion = 10.23.0;
			};
		};
/* End XCRemoteSwiftPackageReference section */

/* Begin XCSwiftPackageProductDependency section */
		17C58B132C62D9E6005685DF /* FirebaseAnalytics */ = {
			isa = XCSwiftPackageProductDependency;
			package = 1776AFBE2BB5CBE10057A8DB /* XCRemoteSwiftPackageReference "firebase-ios-sdk" */;
			productName = FirebaseAnalytics;
		};
		17C58B152C62D9E6005685DF /* FirebaseAnalyticsOnDeviceConversion */ = {
			isa = XCSwiftPackageProductDependency;
			package = 1776AFBE2BB5CBE10057A8DB /* XCRemoteSwiftPackageReference "firebase-ios-sdk" */;
			productName = FirebaseAnalyticsOnDeviceConversion;
		};
		17C58B172C62D9E6005685DF /* FirebaseAnalyticsSwift */ = {
			isa = XCSwiftPackageProductDependency;
			package = 1776AFBE2BB5CBE10057A8DB /* XCRemoteSwiftPackageReference "firebase-ios-sdk" */;
			productName = FirebaseAnalyticsSwift;
		};
		17C58B192C62D9E6005685DF /* FirebaseAnalyticsWithoutAdIdSupport */ = {
			isa = XCSwiftPackageProductDependency;
			package = 1776AFBE2BB5CBE10057A8DB /* XCRemoteSwiftPackageReference "firebase-ios-sdk" */;
			productName = FirebaseAnalyticsWithoutAdIdSupport;
		};
		17C58B1B2C62D9E6005685DF /* FirebaseAppCheck */ = {
			isa = XCSwiftPackageProductDependency;
			package = 1776AFBE2BB5CBE10057A8DB /* XCRemoteSwiftPackageReference "firebase-ios-sdk" */;
			productName = FirebaseAppCheck;
		};
		17C58B1D2C62D9E6005685DF /* FirebaseAppDistribution-Beta */ = {
			isa = XCSwiftPackageProductDependency;
			package = 1776AFBE2BB5CBE10057A8DB /* XCRemoteSwiftPackageReference "firebase-ios-sdk" */;
			productName = "FirebaseAppDistribution-Beta";
		};
		17C58B1F2C62D9E6005685DF /* FirebaseAuth */ = {
			isa = XCSwiftPackageProductDependency;
			package = 1776AFBE2BB5CBE10057A8DB /* XCRemoteSwiftPackageReference "firebase-ios-sdk" */;
			productName = FirebaseAuth;
		};
		17C58B212C62D9E6005685DF /* FirebaseDatabase */ = {
			isa = XCSwiftPackageProductDependency;
			package = 1776AFBE2BB5CBE10057A8DB /* XCRemoteSwiftPackageReference "firebase-ios-sdk" */;
			productName = FirebaseDatabase;
		};
		17C58B232C62D9E6005685DF /* FirebaseDatabaseSwift */ = {
			isa = XCSwiftPackageProductDependency;
			package = 1776AFBE2BB5CBE10057A8DB /* XCRemoteSwiftPackageReference "firebase-ios-sdk" */;
			productName = FirebaseDatabaseSwift;
		};
		17C58B252C62D9E6005685DF /* FirebaseFirestore */ = {
			isa = XCSwiftPackageProductDependency;
			package = 1776AFBE2BB5CBE10057A8DB /* XCRemoteSwiftPackageReference "firebase-ios-sdk" */;
			productName = FirebaseFirestore;
		};
		17C58B272C62D9E6005685DF /* FirebaseFirestoreCombine-Community */ = {
			isa = XCSwiftPackageProductDependency;
			package = 1776AFBE2BB5CBE10057A8DB /* XCRemoteSwiftPackageReference "firebase-ios-sdk" */;
			productName = "FirebaseFirestoreCombine-Community";
		};
		17C58B292C62D9E6005685DF /* FirebaseFirestoreSwift */ = {
			isa = XCSwiftPackageProductDependency;
			package = 1776AFBE2BB5CBE10057A8DB /* XCRemoteSwiftPackageReference "firebase-ios-sdk" */;
			productName = FirebaseFirestoreSwift;
		};
		17C58B2B2C62D9E6005685DF /* FirebaseStorage */ = {
			isa = XCSwiftPackageProductDependency;
			package = 1776AFBE2BB5CBE10057A8DB /* XCRemoteSwiftPackageReference "firebase-ios-sdk" */;
			productName = FirebaseStorage;
		};
		17C58B2D2C62D9E6005685DF /* FirebaseStorageCombine-Community */ = {
			isa = XCSwiftPackageProductDependency;
			package = 1776AFBE2BB5CBE10057A8DB /* XCRemoteSwiftPackageReference "firebase-ios-sdk" */;
			productName = "FirebaseStorageCombine-Community";
		};
/* End XCSwiftPackageProductDependency section */
	};
	rootObject = 1776AF812BB5C8EF0057A8DB /* Project object */;
}
